
Microsoft Visual Studio Solution File, Format Version 12.00
# Visual Studio Version 17
VisualStudioVersion = 17.0.31903.59
MinimumVisualStudioVersion = 10.0.40219.1
Project("{FAE04EC0-301F-11D3-BF4B-00C04F79EFBC}") = "UNSInfra.Core", "src\UNSInfra.Core\UNSInfra.Core.csproj", "{A1B2C3D4-E5F6-7890-ABCD-123456789012}"
EndProject
Project("{FAE04EC0-301F-11D3-BF4B-00C04F79EFBC}") = "UNSInfra.Storage.InMemory", "src\UNSInfra.Storage.InMemory\UNSInfra.Storage.InMemory.csproj", "{BCCF4207-5788-57A5-CF02-5D486BDC2885}"
EndProject
Project("{FAE04EC0-301F-11D3-BF4B-00C04F79EFBC}") = "UNSInfra.Services.Mock", "src\UNSInfra.Services.Mock\UNSInfra.Services.Mock.csproj", "{D4D370FF-9EEC-AB66-C39E-C3CA39249FC7}"
EndProject
Project("{FAE04EC0-301F-11D3-BF4B-00C04F79EFBC}") = "UNSInfra.Examples", "src\UNSInfra.Examples\UNSInfra.Examples.csproj", "{AEC32A2A-7454-7C1D-BA13-AF73EA348416}"
EndProject
Project("{2150E333-8FDC-42A3-9474-1A3956D46DE8}") = "Solution Items", "Solution Items", "{C181BE4C-1099-4CAD-89D4-145210624693}"
	ProjectSection(SolutionItems) = preProject
		compose.yaml = compose.yaml
	EndProjectSection
EndProject
Project("{FAE04EC0-301F-11D3-BF4B-00C04F79EFBC}") = "UNSInfra.UI", "src\UNSInfra.UI\UNSInfra.UI.csproj", "{1C1058D0-5B53-49AA-92AB-C1D0C3F05E61}"
EndProject
Project("{FAE04EC0-301F-11D3-BF4B-00C04F79EFBC}") = "UNSInfra.Services.V1", "src\UNSInfra.Services.V1\UNSInfra.Services.V1.csproj", "{1D8E062F-E583-4BF5-9D8E-7D44B7F47222}"
EndProject
Project("{FAE04EC0-301F-11D3-BF4B-00C04F79EFBC}") = "UNSInfra.Services.SocketIO", "src\UNSInfra.Services.SocketIO\UNSInfra.Services.SocketIO.csproj", "{2E9F063A-F684-5CF6-AE9F-8E55C8F58333}"
EndProject
Project("{FAE04EC0-301F-11D3-BF4B-00C04F79EFBC}") = "UNSInfra.Storage.SQLite", "src\UNSInfra.Storage.SQLite\UNSInfra.Storage.SQLite.csproj", "{46977E40-75BD-4BF4-91CA-CB2AA349E9BD}"
EndProject
Project("{FAE04EC0-301F-11D3-BF4B-00C04F79EFBC}") = "UNSInfra.Core.Tests", "test\UNSInfra.Core.Tests\UNSInfra.Core.Tests.csproj", "{1D58A6DC-A1C0-421F-A767-26D975E72D3E}"
EndProject
Project("{FAE04EC0-301F-11D3-BF4B-00C04F79EFBC}") = "UNSInfra.Services.V1.Tests", "test\UNSInfra.Services.V1.Tests\UNSInfra.Services.V1.Tests.csproj", "{2F68B7EC-B1C1-4E3F-A8E9-3D4C5B6A7E8F}"
EndProject
Project("{FAE04EC0-301F-11D3-BF4B-00C04F79EFBC}") = "UNSInfra.UI.Tests", "test\UNSInfra.UI.Tests\UNSInfra.UI.Tests.csproj", "{A4E3CFFC-B00C-4A13-BE28-6AD47FA21F56}"
EndProject
Project("{FAE04EC0-301F-11D3-BF4B-00C04F79EFBC}") = "UNSInfra.MCP.Server", "src\UNSInfra.MCP.Server\UNSInfra.MCP.Server.csproj", "{12134A7E-99A9-4453-89D7-AA9EBB0CF88E}"
EndProject
Project("{2150E333-8FDC-42A3-9474-1A3956D46DE8}") = "src", "src", "{827E0CD3-B72D-47B6-A68D-7590B98EB39B}"
EndProject
Project("{FAE04EC0-301F-11D3-BF4B-00C04F79EFBC}") = "UNSInfra.ConnectionSDK", "src\UNSInfra.ConnectionSDK\UNSInfra.ConnectionSDK.csproj", "{53AC2DF0-A34C-460A-AFEB-3A96B34DB173}"
EndProject
Project("{2150E333-8FDC-42A3-9474-1A3956D46DE8}") = "test", "test", "{0C88DD14-F956-CE84-757C-A364CCF449FC}"
EndProject
Project("{FAE04EC0-301F-11D3-BF4B-00C04F79EFBC}") = "UNSInfra.MCP.Server.Tests", "test\UNSInfra.MCP.Server.Tests\UNSInfra.MCP.Server.Tests.csproj", "{C5EE8881-47A5-4A2B-8277-66A7AADF25E2}"
EndProject
Project("{FAE04EC0-301F-11D3-BF4B-00C04F79EFBC}") = "UNSInfra.MCP.Server.Tests", "src\UNSInfra.MCP.Server.Tests\UNSInfra.MCP.Server.Tests.csproj", "{E285C957-15AF-4928-977A-19AB6F20A2B1}"
EndProject
Global
	GlobalSection(SolutionConfigurationPlatforms) = preSolution
		Debug|Any CPU = Debug|Any CPU
		Debug|x64 = Debug|x64
		Debug|x86 = Debug|x86
		Release|Any CPU = Release|Any CPU
		Release|x64 = Release|x64
		Release|x86 = Release|x86
	EndGlobalSection
	GlobalSection(ProjectConfigurationPlatforms) = postSolution
		{A1B2C3D4-E5F6-7890-ABCD-123456789012}.Debug|Any CPU.ActiveCfg = Debug|Any CPU
		{A1B2C3D4-E5F6-7890-ABCD-123456789012}.Debug|Any CPU.Build.0 = Debug|Any CPU
		{A1B2C3D4-E5F6-7890-ABCD-123456789012}.Debug|x64.ActiveCfg = Debug|Any CPU
		{A1B2C3D4-E5F6-7890-ABCD-123456789012}.Debug|x64.Build.0 = Debug|Any CPU
		{A1B2C3D4-E5F6-7890-ABCD-123456789012}.Debug|x86.ActiveCfg = Debug|Any CPU
		{A1B2C3D4-E5F6-7890-ABCD-123456789012}.Debug|x86.Build.0 = Debug|Any CPU
		{A1B2C3D4-E5F6-7890-ABCD-123456789012}.Release|Any CPU.ActiveCfg = Release|Any CPU
		{A1B2C3D4-E5F6-7890-ABCD-123456789012}.Release|Any CPU.Build.0 = Release|Any CPU
		{A1B2C3D4-E5F6-7890-ABCD-123456789012}.Release|x64.ActiveCfg = Release|Any CPU
		{A1B2C3D4-E5F6-7890-ABCD-123456789012}.Release|x64.Build.0 = Release|Any CPU
		{A1B2C3D4-E5F6-7890-ABCD-123456789012}.Release|x86.ActiveCfg = Release|Any CPU
		{A1B2C3D4-E5F6-7890-ABCD-123456789012}.Release|x86.Build.0 = Release|Any CPU
		{BCCF4207-5788-57A5-CF02-5D486BDC2885}.Debug|Any CPU.ActiveCfg = Debug|Any CPU
		{BCCF4207-5788-57A5-CF02-5D486BDC2885}.Debug|Any CPU.Build.0 = Debug|Any CPU
		{BCCF4207-5788-57A5-CF02-5D486BDC2885}.Debug|x64.ActiveCfg = Debug|Any CPU
		{BCCF4207-5788-57A5-CF02-5D486BDC2885}.Debug|x64.Build.0 = Debug|Any CPU
		{BCCF4207-5788-57A5-CF02-5D486BDC2885}.Debug|x86.ActiveCfg = Debug|Any CPU
		{BCCF4207-5788-57A5-CF02-5D486BDC2885}.Debug|x86.Build.0 = Debug|Any CPU
		{BCCF4207-5788-57A5-CF02-5D486BDC2885}.Release|x64.ActiveCfg = Release|Any CPU
		{BCCF4207-5788-57A5-CF02-5D486BDC2885}.Release|x64.Build.0 = Release|Any CPU
		{BCCF4207-5788-57A5-CF02-5D486BDC2885}.Release|x86.ActiveCfg = Release|Any CPU
		{BCCF4207-5788-57A5-CF02-5D486BDC2885}.Release|x86.Build.0 = Release|Any CPU
		{D4D370FF-9EEC-AB66-C39E-C3CA39249FC7}.Debug|Any CPU.ActiveCfg = Debug|Any CPU
		{D4D370FF-9EEC-AB66-C39E-C3CA39249FC7}.Debug|Any CPU.Build.0 = Debug|Any CPU
		{D4D370FF-9EEC-AB66-C39E-C3CA39249FC7}.Debug|x64.ActiveCfg = Debug|Any CPU
		{D4D370FF-9EEC-AB66-C39E-C3CA39249FC7}.Debug|x64.Build.0 = Debug|Any CPU
		{D4D370FF-9EEC-AB66-C39E-C3CA39249FC7}.Debug|x86.ActiveCfg = Debug|Any CPU
		{D4D370FF-9EEC-AB66-C39E-C3CA39249FC7}.Debug|x86.Build.0 = Debug|Any CPU
		{D4D370FF-9EEC-AB66-C39E-C3CA39249FC7}.Release|x64.ActiveCfg = Release|Any CPU
		{D4D370FF-9EEC-AB66-C39E-C3CA39249FC7}.Release|x64.Build.0 = Release|Any CPU
		{D4D370FF-9EEC-AB66-C39E-C3CA39249FC7}.Release|x86.ActiveCfg = Release|Any CPU
		{D4D370FF-9EEC-AB66-C39E-C3CA39249FC7}.Release|x86.Build.0 = Release|Any CPU
		{AEC32A2A-7454-7C1D-BA13-AF73EA348416}.Debug|Any CPU.ActiveCfg = Debug|Any CPU
		{AEC32A2A-7454-7C1D-BA13-AF73EA348416}.Debug|Any CPU.Build.0 = Debug|Any CPU
		{AEC32A2A-7454-7C1D-BA13-AF73EA348416}.Debug|x64.ActiveCfg = Debug|Any CPU
		{AEC32A2A-7454-7C1D-BA13-AF73EA348416}.Debug|x64.Build.0 = Debug|Any CPU
		{AEC32A2A-7454-7C1D-BA13-AF73EA348416}.Debug|x86.ActiveCfg = Debug|Any CPU
		{AEC32A2A-7454-7C1D-BA13-AF73EA348416}.Debug|x86.Build.0 = Debug|Any CPU
		{AEC32A2A-7454-7C1D-BA13-AF73EA348416}.Release|x64.ActiveCfg = Release|Any CPU
		{AEC32A2A-7454-7C1D-BA13-AF73EA348416}.Release|x64.Build.0 = Release|Any CPU
		{AEC32A2A-7454-7C1D-BA13-AF73EA348416}.Release|x86.ActiveCfg = Release|Any CPU
		{AEC32A2A-7454-7C1D-BA13-AF73EA348416}.Release|x86.Build.0 = Release|Any CPU
		{1C1058D0-5B53-49AA-92AB-C1D0C3F05E61}.Debug|Any CPU.ActiveCfg = Debug|Any CPU
		{1C1058D0-5B53-49AA-92AB-C1D0C3F05E61}.Debug|Any CPU.Build.0 = Debug|Any CPU
		{1C1058D0-5B53-49AA-92AB-C1D0C3F05E61}.Debug|x64.ActiveCfg = Debug|Any CPU
		{1C1058D0-5B53-49AA-92AB-C1D0C3F05E61}.Debug|x64.Build.0 = Debug|Any CPU
		{1C1058D0-5B53-49AA-92AB-C1D0C3F05E61}.Debug|x86.ActiveCfg = Debug|Any CPU
		{1C1058D0-5B53-49AA-92AB-C1D0C3F05E61}.Debug|x86.Build.0 = Debug|Any CPU
		{1C1058D0-5B53-49AA-92AB-C1D0C3F05E61}.Release|Any CPU.ActiveCfg = Release|Any CPU
		{1C1058D0-5B53-49AA-92AB-C1D0C3F05E61}.Release|Any CPU.Build.0 = Release|Any CPU
		{1C1058D0-5B53-49AA-92AB-C1D0C3F05E61}.Release|x64.ActiveCfg = Release|Any CPU
		{1C1058D0-5B53-49AA-92AB-C1D0C3F05E61}.Release|x64.Build.0 = Release|Any CPU
		{1C1058D0-5B53-49AA-92AB-C1D0C3F05E61}.Release|x86.ActiveCfg = Release|Any CPU
		{1C1058D0-5B53-49AA-92AB-C1D0C3F05E61}.Release|x86.Build.0 = Release|Any CPU
		{1D8E062F-E583-4BF5-9D8E-7D44B7F47222}.Debug|Any CPU.ActiveCfg = Debug|Any CPU
		{1D8E062F-E583-4BF5-9D8E-7D44B7F47222}.Debug|Any CPU.Build.0 = Debug|Any CPU
		{1D8E062F-E583-4BF5-9D8E-7D44B7F47222}.Debug|x64.ActiveCfg = Debug|Any CPU
		{1D8E062F-E583-4BF5-9D8E-7D44B7F47222}.Debug|x64.Build.0 = Debug|Any CPU
		{1D8E062F-E583-4BF5-9D8E-7D44B7F47222}.Debug|x86.ActiveCfg = Debug|Any CPU
		{1D8E062F-E583-4BF5-9D8E-7D44B7F47222}.Debug|x86.Build.0 = Debug|Any CPU
		{1D8E062F-E583-4BF5-9D8E-7D44B7F47222}.Release|Any CPU.ActiveCfg = Release|Any CPU
		{1D8E062F-E583-4BF5-9D8E-7D44B7F47222}.Release|Any CPU.Build.0 = Release|Any CPU
		{1D8E062F-E583-4BF5-9D8E-7D44B7F47222}.Release|x64.ActiveCfg = Release|Any CPU
		{1D8E062F-E583-4BF5-9D8E-7D44B7F47222}.Release|x64.Build.0 = Release|Any CPU
		{1D8E062F-E583-4BF5-9D8E-7D44B7F47222}.Release|x86.ActiveCfg = Release|Any CPU
		{1D8E062F-E583-4BF5-9D8E-7D44B7F47222}.Release|x86.Build.0 = Release|Any CPU
		{2E9F063A-F684-5CF6-AE9F-8E55C8F58333}.Debug|Any CPU.ActiveCfg = Debug|Any CPU
		{2E9F063A-F684-5CF6-AE9F-8E55C8F58333}.Debug|Any CPU.Build.0 = Debug|Any CPU
		{2E9F063A-F684-5CF6-AE9F-8E55C8F58333}.Debug|x64.ActiveCfg = Debug|Any CPU
		{2E9F063A-F684-5CF6-AE9F-8E55C8F58333}.Debug|x64.Build.0 = Debug|Any CPU
		{2E9F063A-F684-5CF6-AE9F-8E55C8F58333}.Debug|x86.ActiveCfg = Debug|Any CPU
		{2E9F063A-F684-5CF6-AE9F-8E55C8F58333}.Debug|x86.Build.0 = Debug|Any CPU
		{2E9F063A-F684-5CF6-AE9F-8E55C8F58333}.Release|Any CPU.ActiveCfg = Release|Any CPU
		{2E9F063A-F684-5CF6-AE9F-8E55C8F58333}.Release|Any CPU.Build.0 = Release|Any CPU
		{2E9F063A-F684-5CF6-AE9F-8E55C8F58333}.Release|x64.ActiveCfg = Release|Any CPU
		{2E9F063A-F684-5CF6-AE9F-8E55C8F58333}.Release|x64.Build.0 = Release|Any CPU
		{2E9F063A-F684-5CF6-AE9F-8E55C8F58333}.Release|x86.ActiveCfg = Release|Any CPU
		{2E9F063A-F684-5CF6-AE9F-8E55C8F58333}.Release|x86.Build.0 = Release|Any CPU
		{46977E40-75BD-4BF4-91CA-CB2AA349E9BD}.Debug|Any CPU.ActiveCfg = Debug|Any CPU
		{46977E40-75BD-4BF4-91CA-CB2AA349E9BD}.Debug|Any CPU.Build.0 = Debug|Any CPU
		{46977E40-75BD-4BF4-91CA-CB2AA349E9BD}.Debug|x64.ActiveCfg = Debug|Any CPU
		{46977E40-75BD-4BF4-91CA-CB2AA349E9BD}.Debug|x64.Build.0 = Debug|Any CPU
		{46977E40-75BD-4BF4-91CA-CB2AA349E9BD}.Debug|x86.ActiveCfg = Debug|Any CPU
		{46977E40-75BD-4BF4-91CA-CB2AA349E9BD}.Debug|x86.Build.0 = Debug|Any CPU
		{46977E40-75BD-4BF4-91CA-CB2AA349E9BD}.Release|Any CPU.ActiveCfg = Release|Any CPU
		{46977E40-75BD-4BF4-91CA-CB2AA349E9BD}.Release|Any CPU.Build.0 = Release|Any CPU
		{46977E40-75BD-4BF4-91CA-CB2AA349E9BD}.Release|x64.ActiveCfg = Release|Any CPU
		{46977E40-75BD-4BF4-91CA-CB2AA349E9BD}.Release|x64.Build.0 = Release|Any CPU
		{46977E40-75BD-4BF4-91CA-CB2AA349E9BD}.Release|x86.ActiveCfg = Release|Any CPU
		{46977E40-75BD-4BF4-91CA-CB2AA349E9BD}.Release|x86.Build.0 = Release|Any CPU
		{1D58A6DC-A1C0-421F-A767-26D975E72D3E}.Debug|Any CPU.ActiveCfg = Debug|Any CPU
		{1D58A6DC-A1C0-421F-A767-26D975E72D3E}.Debug|Any CPU.Build.0 = Debug|Any CPU
		{1D58A6DC-A1C0-421F-A767-26D975E72D3E}.Debug|x64.ActiveCfg = Debug|Any CPU
		{1D58A6DC-A1C0-421F-A767-26D975E72D3E}.Debug|x64.Build.0 = Debug|Any CPU
		{1D58A6DC-A1C0-421F-A767-26D975E72D3E}.Debug|x86.ActiveCfg = Debug|Any CPU
		{1D58A6DC-A1C0-421F-A767-26D975E72D3E}.Debug|x86.Build.0 = Debug|Any CPU
		{1D58A6DC-A1C0-421F-A767-26D975E72D3E}.Release|Any CPU.ActiveCfg = Release|Any CPU
		{1D58A6DC-A1C0-421F-A767-26D975E72D3E}.Release|Any CPU.Build.0 = Release|Any CPU
		{1D58A6DC-A1C0-421F-A767-26D975E72D3E}.Release|x64.ActiveCfg = Release|Any CPU
		{1D58A6DC-A1C0-421F-A767-26D975E72D3E}.Release|x64.Build.0 = Release|Any CPU
		{1D58A6DC-A1C0-421F-A767-26D975E72D3E}.Release|x86.ActiveCfg = Release|Any CPU
		{1D58A6DC-A1C0-421F-A767-26D975E72D3E}.Release|x86.Build.0 = Release|Any CPU
		{2F68B7EC-B1C1-4E3F-A8E9-3D4C5B6A7E8F}.Debug|Any CPU.ActiveCfg = Debug|Any CPU
		{2F68B7EC-B1C1-4E3F-A8E9-3D4C5B6A7E8F}.Debug|Any CPU.Build.0 = Debug|Any CPU
		{2F68B7EC-B1C1-4E3F-A8E9-3D4C5B6A7E8F}.Debug|x64.ActiveCfg = Debug|Any CPU
		{2F68B7EC-B1C1-4E3F-A8E9-3D4C5B6A7E8F}.Debug|x64.Build.0 = Debug|Any CPU
		{2F68B7EC-B1C1-4E3F-A8E9-3D4C5B6A7E8F}.Debug|x86.ActiveCfg = Debug|Any CPU
		{2F68B7EC-B1C1-4E3F-A8E9-3D4C5B6A7E8F}.Debug|x86.Build.0 = Debug|Any CPU
		{2F68B7EC-B1C1-4E3F-A8E9-3D4C5B6A7E8F}.Release|Any CPU.ActiveCfg = Release|Any CPU
		{2F68B7EC-B1C1-4E3F-A8E9-3D4C5B6A7E8F}.Release|Any CPU.Build.0 = Release|Any CPU
		{2F68B7EC-B1C1-4E3F-A8E9-3D4C5B6A7E8F}.Release|x64.ActiveCfg = Release|Any CPU
		{2F68B7EC-B1C1-4E3F-A8E9-3D4C5B6A7E8F}.Release|x64.Build.0 = Release|Any CPU
		{2F68B7EC-B1C1-4E3F-A8E9-3D4C5B6A7E8F}.Release|x86.ActiveCfg = Release|Any CPU
		{2F68B7EC-B1C1-4E3F-A8E9-3D4C5B6A7E8F}.Release|x86.Build.0 = Release|Any CPU
		{A4E3CFFC-B00C-4A13-BE28-6AD47FA21F56}.Debug|Any CPU.ActiveCfg = Debug|Any CPU
		{A4E3CFFC-B00C-4A13-BE28-6AD47FA21F56}.Debug|Any CPU.Build.0 = Debug|Any CPU
		{A4E3CFFC-B00C-4A13-BE28-6AD47FA21F56}.Debug|x64.ActiveCfg = Debug|Any CPU
		{A4E3CFFC-B00C-4A13-BE28-6AD47FA21F56}.Debug|x64.Build.0 = Debug|Any CPU
		{A4E3CFFC-B00C-4A13-BE28-6AD47FA21F56}.Debug|x86.ActiveCfg = Debug|Any CPU
		{A4E3CFFC-B00C-4A13-BE28-6AD47FA21F56}.Debug|x86.Build.0 = Debug|Any CPU
		{A4E3CFFC-B00C-4A13-BE28-6AD47FA21F56}.Release|Any CPU.ActiveCfg = Release|Any CPU
		{A4E3CFFC-B00C-4A13-BE28-6AD47FA21F56}.Release|Any CPU.Build.0 = Release|Any CPU
		{A4E3CFFC-B00C-4A13-BE28-6AD47FA21F56}.Release|x64.ActiveCfg = Release|Any CPU
		{A4E3CFFC-B00C-4A13-BE28-6AD47FA21F56}.Release|x64.Build.0 = Release|Any CPU
		{A4E3CFFC-B00C-4A13-BE28-6AD47FA21F56}.Release|x86.ActiveCfg = Release|Any CPU
		{A4E3CFFC-B00C-4A13-BE28-6AD47FA21F56}.Release|x86.Build.0 = Release|Any CPU
		{12134A7E-99A9-4453-89D7-AA9EBB0CF88E}.Debug|Any CPU.ActiveCfg = Debug|Any CPU
		{12134A7E-99A9-4453-89D7-AA9EBB0CF88E}.Debug|Any CPU.Build.0 = Debug|Any CPU
		{12134A7E-99A9-4453-89D7-AA9EBB0CF88E}.Debug|x64.ActiveCfg = Debug|Any CPU
		{12134A7E-99A9-4453-89D7-AA9EBB0CF88E}.Debug|x64.Build.0 = Debug|Any CPU
		{12134A7E-99A9-4453-89D7-AA9EBB0CF88E}.Debug|x86.ActiveCfg = Debug|Any CPU
		{12134A7E-99A9-4453-89D7-AA9EBB0CF88E}.Debug|x86.Build.0 = Debug|Any CPU
		{12134A7E-99A9-4453-89D7-AA9EBB0CF88E}.Release|Any CPU.ActiveCfg = Release|Any CPU
		{12134A7E-99A9-4453-89D7-AA9EBB0CF88E}.Release|Any CPU.Build.0 = Release|Any CPU
		{12134A7E-99A9-4453-89D7-AA9EBB0CF88E}.Release|x64.ActiveCfg = Release|Any CPU
		{12134A7E-99A9-4453-89D7-AA9EBB0CF88E}.Release|x64.Build.0 = Release|Any CPU
		{12134A7E-99A9-4453-89D7-AA9EBB0CF88E}.Release|x86.ActiveCfg = Release|Any CPU
		{12134A7E-99A9-4453-89D7-AA9EBB0CF88E}.Release|x86.Build.0 = Release|Any CPU
		{53AC2DF0-A34C-460A-AFEB-3A96B34DB173}.Debug|Any CPU.ActiveCfg = Debug|Any CPU
		{53AC2DF0-A34C-460A-AFEB-3A96B34DB173}.Debug|Any CPU.Build.0 = Debug|Any CPU
		{53AC2DF0-A34C-460A-AFEB-3A96B34DB173}.Debug|x64.ActiveCfg = Debug|Any CPU
		{53AC2DF0-A34C-460A-AFEB-3A96B34DB173}.Debug|x64.Build.0 = Debug|Any CPU
		{53AC2DF0-A34C-460A-AFEB-3A96B34DB173}.Debug|x86.ActiveCfg = Debug|Any CPU
		{53AC2DF0-A34C-460A-AFEB-3A96B34DB173}.Debug|x86.Build.0 = Debug|Any CPU
		{53AC2DF0-A34C-460A-AFEB-3A96B34DB173}.Release|Any CPU.ActiveCfg = Release|Any CPU
		{53AC2DF0-A34C-460A-AFEB-3A96B34DB173}.Release|Any CPU.Build.0 = Release|Any CPU
		{53AC2DF0-A34C-460A-AFEB-3A96B34DB173}.Release|x64.ActiveCfg = Release|Any CPU
		{53AC2DF0-A34C-460A-AFEB-3A96B34DB173}.Release|x64.Build.0 = Release|Any CPU
		{53AC2DF0-A34C-460A-AFEB-3A96B34DB173}.Release|x86.ActiveCfg = Release|Any CPU
		{53AC2DF0-A34C-460A-AFEB-3A96B34DB173}.Release|x86.Build.0 = Release|Any CPU
		{C5EE8881-47A5-4A2B-8277-66A7AADF25E2}.Debug|Any CPU.ActiveCfg = Debug|Any CPU
		{C5EE8881-47A5-4A2B-8277-66A7AADF25E2}.Debug|Any CPU.Build.0 = Debug|Any CPU
		{C5EE8881-47A5-4A2B-8277-66A7AADF25E2}.Debug|x64.ActiveCfg = Debug|Any CPU
		{C5EE8881-47A5-4A2B-8277-66A7AADF25E2}.Debug|x64.Build.0 = Debug|Any CPU
		{C5EE8881-47A5-4A2B-8277-66A7AADF25E2}.Debug|x86.ActiveCfg = Debug|Any CPU
		{C5EE8881-47A5-4A2B-8277-66A7AADF25E2}.Debug|x86.Build.0 = Debug|Any CPU
		{C5EE8881-47A5-4A2B-8277-66A7AADF25E2}.Release|Any CPU.ActiveCfg = Release|Any CPU
		{C5EE8881-47A5-4A2B-8277-66A7AADF25E2}.Release|Any CPU.Build.0 = Release|Any CPU
		{C5EE8881-47A5-4A2B-8277-66A7AADF25E2}.Release|x64.ActiveCfg = Release|Any CPU
		{C5EE8881-47A5-4A2B-8277-66A7AADF25E2}.Release|x64.Build.0 = Release|Any CPU
		{C5EE8881-47A5-4A2B-8277-66A7AADF25E2}.Release|x86.ActiveCfg = Release|Any CPU
		{C5EE8881-47A5-4A2B-8277-66A7AADF25E2}.Release|x86.Build.0 = Release|Any CPU
		{E285C957-15AF-4928-977A-19AB6F20A2B1}.Debug|Any CPU.ActiveCfg = Debug|Any CPU
		{E285C957-15AF-4928-977A-19AB6F20A2B1}.Debug|Any CPU.Build.0 = Debug|Any CPU
		{E285C957-15AF-4928-977A-19AB6F20A2B1}.Debug|x64.ActiveCfg = Debug|Any CPU
		{E285C957-15AF-4928-977A-19AB6F20A2B1}.Debug|x64.Build.0 = Debug|Any CPU
		{E285C957-15AF-4928-977A-19AB6F20A2B1}.Debug|x86.ActiveCfg = Debug|Any CPU
		{E285C957-15AF-4928-977A-19AB6F20A2B1}.Debug|x86.Build.0 = Debug|Any CPU
		{E285C957-15AF-4928-977A-19AB6F20A2B1}.Release|Any CPU.ActiveCfg = Release|Any CPU
		{E285C957-15AF-4928-977A-19AB6F20A2B1}.Release|Any CPU.Build.0 = Release|Any CPU
		{E285C957-15AF-4928-977A-19AB6F20A2B1}.Release|x64.ActiveCfg = Release|Any CPU
		{E285C957-15AF-4928-977A-19AB6F20A2B1}.Release|x64.Build.0 = Release|Any CPU
		{E285C957-15AF-4928-977A-19AB6F20A2B1}.Release|x86.ActiveCfg = Release|Any CPU
		{E285C957-15AF-4928-977A-19AB6F20A2B1}.Release|x86.Build.0 = Release|Any CPU
	EndGlobalSection
	GlobalSection(SolutionProperties) = preSolution
		HideSolutionNode = FALSE
	EndGlobalSection
	GlobalSection(NestedProjects) = preSolution
		{C5EE8881-47A5-4A2B-8277-66A7AADF25E2} = {0C88DD14-F956-CE84-757C-A364CCF449FC}
		{E285C957-15AF-4928-977A-19AB6F20A2B1} = {827E0CD3-B72D-47B6-A68D-7590B98EB39B}
	EndGlobalSection
EndGlobal
